schema: '2.0'
stages:
  test_stage_1:
    cmd: python3 test_1.py
    deps:
    - path: test_1.py
      md5: e726920d90991ec4b2bd210b9fa16df1
      size: 253
    outs:
    - path: data/test_1.csv
      md5: 898efdc19b5bf13bf2eb6d62b5157779
      size: 236
    - path: reports/params_1.json
      md5: 69e1ddf55219effaa8018d2e70a57a55
      size: 19
  test_stage_2:
    cmd: python3 test_2.py
    deps:
    - path: test_2.py
      md5: 65966838b13ffdddf6b93b5a0cbc899a
      size: 254
    outs:
    - path: data/test_2.csv
      md5: a1eb428024d6955133d7e2cd43de2383
      size: 241
    - path: reports/params_2.json
      md5: d459881f49f8b414b2157e42013f45ae
      size: 20
